
Microsoft Visual Studio Solution File, Format Version 12.00
# Visual Studio Version 17
VisualStudioVersion = 17.7.34009.444
MinimumVisualStudioVersion = 10.0.40219.1
Project("{FAE04EC0-301F-11D3-BF4B-00C04F79EFBC}") = "ExpenseTrackerInNETCore", "ExpenseTrackerInNETCore.csproj", "{4DC0EAA2-A8A2-4789-B334-4AD8DCE9843B}"
EndProject
Global
	GlobalSection(SolutionConfigurationPlatforms) = preSolution
		Debug|Any CPU = Debug|Any CPU
		Release|Any CPU = Release|Any CPU
	EndGlobalSection
	GlobalSection(ProjectConfigurationPlatforms) = postSolution
		{4DC0EAA2-A8A2-4789-B334-4AD8DCE9843B}.Debug|Any CPU.ActiveCfg = Debug|Any CPU
		{4DC0EAA2-A8A2-4789-B334-4AD8DCE9843B}.Debug|Any CPU.Build.0 = Debug|Any CPU
		{4DC0EAA2-A8A2-4789-B334-4AD8DCE9843B}.Release|Any CPU.ActiveCfg = Release|Any CPU
		{4DC0EAA2-A8A2-4789-B334-4AD8DCE9843B}.Release|Any CPU.Build.0 = Release|Any CPU
	EndGlobalSection
	GlobalSection(SolutionProperties) = preSolution
		HideSolutionNode = FALSE
	EndGlobalSection
	GlobalSection(ExtensibilityGlobals) = postSolution
		SolutionGuid = {59956441-CB85-40E1-8F0E-9EC3759CD0CC}
	EndGlobalSection
EndGlobal
